
Microsoft Visual Studio Solution File, Format Version 12.00
# Visual Studio Version 16
VisualStudioVersion = 16.0.30517.126
MinimumVisualStudioVersion = 10.0.40219.1
Project("{9A19103F-16F7-4668-BE54-9A1E7A4F7556}") = "GiggityBot", "GiggityBot\GiggityBot.csproj", "{127D3E54-BFF8-492E-9C8D-F49667560AF8}"
EndProject
Project("{9A19103F-16F7-4668-BE54-9A1E7A4F7556}") = "GiggityBotML.Model", "GiggityBotML.Model\GiggityBotML.Model.csproj", "{4C95F66C-542D-4FA2-903B-8204EA474A82}"
EndProject
Project("{9A19103F-16F7-4668-BE54-9A1E7A4F7556}") = "GiggityBotML.ConsoleApp", "GiggityBotML.ConsoleApp\GiggityBotML.ConsoleApp.csproj", "{A57CBBB0-EA0F-4851-9AF2-60370A36D5E8}"
EndProject
Global
	GlobalSection(SolutionConfigurationPlatforms) = preSolution
		Debug|Any CPU = Debug|Any CPU
		Release|Any CPU = Release|Any CPU
	EndGlobalSection
	GlobalSection(ProjectConfigurationPlatforms) = postSolution
		{127D3E54-BFF8-492E-9C8D-F49667560AF8}.Debug|Any CPU.ActiveCfg = Debug|Any CPU
		{127D3E54-BFF8-492E-9C8D-F49667560AF8}.Debug|Any CPU.Build.0 = Debug|Any CPU
		{127D3E54-BFF8-492E-9C8D-F49667560AF8}.Release|Any CPU.ActiveCfg = Release|Any CPU
		{127D3E54-BFF8-492E-9C8D-F49667560AF8}.Release|Any CPU.Build.0 = Release|Any CPU
		{4C95F66C-542D-4FA2-903B-8204EA474A82}.Debug|Any CPU.ActiveCfg = Debug|Any CPU
		{4C95F66C-542D-4FA2-903B-8204EA474A82}.Debug|Any CPU.Build.0 = Debug|Any CPU
		{4C95F66C-542D-4FA2-903B-8204EA474A82}.Release|Any CPU.ActiveCfg = Release|Any CPU
		{4C95F66C-542D-4FA2-903B-8204EA474A82}.Release|Any CPU.Build.0 = Release|Any CPU
		{A57CBBB0-EA0F-4851-9AF2-60370A36D5E8}.Debug|Any CPU.ActiveCfg = Debug|Any CPU
		{A57CBBB0-EA0F-4851-9AF2-60370A36D5E8}.Debug|Any CPU.Build.0 = Debug|Any CPU
		{A57CBBB0-EA0F-4851-9AF2-60370A36D5E8}.Release|Any CPU.ActiveCfg = Release|Any CPU
		{A57CBBB0-EA0F-4851-9AF2-60370A36D5E8}.Release|Any CPU.Build.0 = Release|Any CPU
	EndGlobalSection
	GlobalSection(SolutionProperties) = preSolution
		HideSolutionNode = FALSE
	EndGlobalSection
	GlobalSection(ExtensibilityGlobals) = postSolution
		SolutionGuid = {BD032E5D-2179-4F01-8C17-9C7A96A212DA}
	EndGlobalSection
EndGlobal
